
Microsoft Visual Studio Solution File, Format Version 11.00
# Visual Studio 2010
Project("{8BC9CEB8-8B4A-11D0-8D11-00A0C91BC942}") = "Game", "Game\Game.vcxproj", "{98FF7D58-A4C7-44AE-834D-F1B7F496FE06}"
EndProject
Project("{8BC9CEB8-8B4A-11D0-8D11-00A0C91BC942}") = "Plugin-Sample", "Plugin-Sample\Plugin-Sample.vcxproj", "{BA1A9B64-11A0-4A4B-A2AC-94EFE49FCD12}"
	ProjectSection(ProjectDependencies) = postProject
		{98FF7D58-A4C7-44AE-834D-F1B7F496FE06} = {98FF7D58-A4C7-44AE-834D-F1B7F496FE06}
	EndProjectSection
EndProject
Project("{8BC9CEB8-8B4A-11D0-8D11-00A0C91BC942}") = "Stack", "Stack\Stack.vcxproj", "{94FA4D8A-E781-41FE-9DFB-B1F7FBEB7C2F}"
EndProject
Project("{8BC9CEB8-8B4A-11D0-8D11-00A0C91BC942}") = "Plugin-MegaBot", "Plugin-MegaBot\Plugin-MegaBot.vcxproj", "{F98BDEFF-85B9-488E-9D5E-4D11E3948D46}"
EndProject
Global
	GlobalSection(SolutionConfigurationPlatforms) = preSolution
		Debug|Win32 = Debug|Win32
		Release|Win32 = Release|Win32
	EndGlobalSection
	GlobalSection(ProjectConfigurationPlatforms) = postSolution
		{98FF7D58-A4C7-44AE-834D-F1B7F496FE06}.Debug|Win32.ActiveCfg = Debug|Win32
		{98FF7D58-A4C7-44AE-834D-F1B7F496FE06}.Debug|Win32.Build.0 = Debug|Win32
		{98FF7D58-A4C7-44AE-834D-F1B7F496FE06}.Release|Win32.ActiveCfg = Release|Win32
		{98FF7D58-A4C7-44AE-834D-F1B7F496FE06}.Release|Win32.Build.0 = Release|Win32
		{BA1A9B64-11A0-4A4B-A2AC-94EFE49FCD12}.Debug|Win32.ActiveCfg = Debug|Win32
		{BA1A9B64-11A0-4A4B-A2AC-94EFE49FCD12}.Debug|Win32.Build.0 = Debug|Win32
		{BA1A9B64-11A0-4A4B-A2AC-94EFE49FCD12}.Release|Win32.ActiveCfg = Release|Win32
		{BA1A9B64-11A0-4A4B-A2AC-94EFE49FCD12}.Release|Win32.Build.0 = Release|Win32
		{94FA4D8A-E781-41FE-9DFB-B1F7FBEB7C2F}.Debug|Win32.ActiveCfg = Debug|Win32
		{94FA4D8A-E781-41FE-9DFB-B1F7FBEB7C2F}.Debug|Win32.Build.0 = Debug|Win32
		{94FA4D8A-E781-41FE-9DFB-B1F7FBEB7C2F}.Release|Win32.ActiveCfg = Release|Win32
		{94FA4D8A-E781-41FE-9DFB-B1F7FBEB7C2F}.Release|Win32.Build.0 = Release|Win32
		{F98BDEFF-85B9-488E-9D5E-4D11E3948D46}.Debug|Win32.ActiveCfg = Debug|Win32
		{F98BDEFF-85B9-488E-9D5E-4D11E3948D46}.Debug|Win32.Build.0 = Debug|Win32
		{F98BDEFF-85B9-488E-9D5E-4D11E3948D46}.Release|Win32.ActiveCfg = Release|Win32
		{F98BDEFF-85B9-488E-9D5E-4D11E3948D46}.Release|Win32.Build.0 = Release|Win32
	EndGlobalSection
	GlobalSection(SolutionProperties) = preSolution
		HideSolutionNode = FALSE
	EndGlobalSection
EndGlobal
